
Microsoft Visual Studio Solution File, Format Version 12.00
# Visual Studio Version 17
VisualStudioVersion = 17.9.34728.123
MinimumVisualStudioVersion = 10.0.40219.1
Project("{FAE04EC0-301F-11D3-BF4B-00C04F79EFBC}") = "Gimnasio-Web", "Gimnasio-Web\Gimnasio-Web.csproj", "{D84915FF-AF4E-4CC7-9F65-EDC78E517C61}"
EndProject
Global
	GlobalSection(SolutionConfigurationPlatforms) = preSolution
		Debug|Any CPU = Debug|Any CPU
		Release|Any CPU = Release|Any CPU
	EndGlobalSection
	GlobalSection(ProjectConfigurationPlatforms) = postSolution
		{D84915FF-AF4E-4CC7-9F65-EDC78E517C61}.Debug|Any CPU.ActiveCfg = Debug|Any CPU
		{D84915FF-AF4E-4CC7-9F65-EDC78E517C61}.Debug|Any CPU.Build.0 = Debug|Any CPU
		{D84915FF-AF4E-4CC7-9F65-EDC78E517C61}.Release|Any CPU.ActiveCfg = Release|Any CPU
		{D84915FF-AF4E-4CC7-9F65-EDC78E517C61}.Release|Any CPU.Build.0 = Release|Any CPU
	EndGlobalSection
	GlobalSection(SolutionProperties) = preSolution
		HideSolutionNode = FALSE
	EndGlobalSection
	GlobalSection(ExtensibilityGlobals) = postSolution
		SolutionGuid = {9B9E708E-7DD2-45A7-A050-8FF41D3A635E}
	EndGlobalSection
EndGlobal
